// !$*UTF8*$!
{
	archiveVersion = 1;
	classes = {
	};
	objectVersion = 46;
	objects = {

/* Begin PBXBuildFile section */
		0EE11874A98649D9BE07FD82 /* libPods.a in Frameworks */ = {isa = PBXBuildFile; fileRef = 0474C6C848EE4E57994C6380 /* libPods.a */; };
		7F43DEAD18215916003BE9B6 /* SampleTimelineViewController.m in Sources */ = {isa = PBXBuildFile; fileRef = 7F43DEAC18215916003BE9B6 /* SampleTimelineViewController.m */; };
		7F43DEB01821596D003BE9B6 /* SampleTimelineCell.m in Sources */ = {isa = PBXBuildFile; fileRef = 7F43DEAF1821596D003BE9B6 /* SampleTimelineCell.m */; };
		7F43DEB21821597E003BE9B6 /* SampleTimelineCell.xib in Resources */ = {isa = PBXBuildFile; fileRef = 7F43DEB11821597E003BE9B6 /* SampleTimelineCell.xib */; };
		7F77F4391822FAC60019452C /* Icon-76.png in Resources */ = {isa = PBXBuildFile; fileRef = 7F77F4371822FAC60019452C /* Icon-76.png */; };
		7F77F43A1822FAC60019452C /* Icon-76@2x.png in Resources */ = {isa = PBXBuildFile; fileRef = 7F77F4381822FAC60019452C /* Icon-76@2x.png */; };
		7FDCDE97181EE1BA00AC2985 /* rain.jpg in Resources */ = {isa = PBXBuildFile; fileRef = 7FDCDE8F181EE1BA00AC2985 /* rain.jpg */; };
		7FDCDE9A181EE1BA00AC2985 /* soda.jpg in Resources */ = {isa = PBXBuildFile; fileRef = 7FDCDE93181EE1BA00AC2985 /* soda.jpg */; };
		7FDCDE9B181EE1BA00AC2985 /* type.jpg in Resources */ = {isa = PBXBuildFile; fileRef = 7FDCDE94181EE1BA00AC2985 /* type.jpg */; };
		7FDCDEA2181EFF5500AC2985 /* SampleAppPurchasingViewController.m in Sources */ = {isa = PBXBuildFile; fileRef = 7FDCDEA0181EFF5500AC2985 /* SampleAppPurchasingViewController.m */; };
		7FDCDEA3181EFF5500AC2985 /* SampleAppPurchasingViewController.xib in Resources */ = {isa = PBXBuildFile; fileRef = 7FDCDEA1181EFF5500AC2985 /* SampleAppPurchasingViewController.xib */; };
		7FEE7633181ED83D000F684A /* Foundation.framework in Frameworks */ = {isa = PBXBuildFile; fileRef = 7FEE7632181ED83D000F684A /* Foundation.framework */; };
		7FEE7635181ED83D000F684A /* CoreGraphics.framework in Frameworks */ = {isa = PBXBuildFile; fileRef = 7FEE7634181ED83D000F684A /* CoreGraphics.framework */; };
		7FEE7637181ED83D000F684A /* UIKit.framework in Frameworks */ = {isa = PBXBuildFile; fileRef = 7FEE7636181ED83D000F684A /* UIKit.framework */; };
		7FEE763D181ED83D000F684A /* InfoPlist.strings in Resources */ = {isa = PBXBuildFile; fileRef = 7FEE763B181ED83D000F684A /* InfoPlist.strings */; };
		7FEE763F181ED83D000F684A /* main.m in Sources */ = {isa = PBXBuildFile; fileRef = 7FEE763E181ED83D000F684A /* main.m */; };
		7FEE7643181ED83D000F684A /* OSKAppDelegate.m in Sources */ = {isa = PBXBuildFile; fileRef = 7FEE7642181ED83D000F684A /* OSKAppDelegate.m */; };
		7FEE7645181ED83D000F684A /* Images.xcassets in Resources */ = {isa = PBXBuildFile; fileRef = 7FEE7644181ED83D000F684A /* Images.xcassets */; };
		8895C33218A3B9E6000B7F28 /* CoreMotion.framework in Frameworks */ = {isa = PBXBuildFile; fileRef = 8895C33118A3B9E6000B7F28 /* CoreMotion.framework */; };
		8895C33418A3B9EF000B7F28 /* AddressBook.framework in Frameworks */ = {isa = PBXBuildFile; fileRef = 8895C33318A3B9EF000B7F28 /* AddressBook.framework */; };
		8895C33618A3B9F4000B7F28 /* AssetsLibrary.framework in Frameworks */ = {isa = PBXBuildFile; fileRef = 8895C33518A3B9F4000B7F28 /* AssetsLibrary.framework */; };
		8895C33818A3BA00000B7F28 /* CoreLocation.framework in Frameworks */ = {isa = PBXBuildFile; fileRef = 8895C33718A3BA00000B7F28 /* CoreLocation.framework */; };
		8895C33A18A3BA10000B7F28 /* CoreText.framework in Frameworks */ = {isa = PBXBuildFile; fileRef = 8895C33918A3BA10000B7F28 /* CoreText.framework */; };
		8895C33C18A3BA16000B7F28 /* MediaPlayer.framework in Frameworks */ = {isa = PBXBuildFile; fileRef = 8895C33B18A3BA16000B7F28 /* MediaPlayer.framework */; };
		8895C33E18A3BA1B000B7F28 /* Security.framework in Frameworks */ = {isa = PBXBuildFile; fileRef = 8895C33D18A3BA1B000B7F28 /* Security.framework */; };
		8895C34018A3BA24000B7F28 /* SystemConfiguration.framework in Frameworks */ = {isa = PBXBuildFile; fileRef = 8895C33F18A3BA24000B7F28 /* SystemConfiguration.framework */; };
		8895C35218A3BFA2000B7F28 /* Icon-60@2x.png in Resources */ = {isa = PBXBuildFile; fileRef = 8895C35118A3BFA2000B7F28 /* Icon-60@2x.png */; };
/* End PBXBuildFile section */

/* Begin PBXFileReference section */
		0474C6C848EE4E57994C6380 /* libPods.a */ = {isa = PBXFileReference; explicitFileType = archive.ar; includeInIndex = 0; path = libPods.a; sourceTree = BUILT_PRODUCTS_DIR; };
		3C011D38081F40A4A0228137 /* Pods.xcconfig */ = {isa = PBXFileReference; includeInIndex = 1; lastKnownFileType = text.xcconfig; name = Pods.xcconfig; path = Pods/Pods.xcconfig; sourceTree = "<group>"; };
		7F43DEAB18215916003BE9B6 /* SampleTimelineViewController.h */ = {isa = PBXFileReference; fileEncoding = 4; lastKnownFileType = sourcecode.c.h; path = SampleTimelineViewController.h; sourceTree = "<group>"; };
		7F43DEAC18215916003BE9B6 /* SampleTimelineViewController.m */ = {isa = PBXFileReference; fileEncoding = 4; lastKnownFileType = sourcecode.c.objc; path = SampleTimelineViewController.m; sourceTree = "<group>"; };
		7F43DEAE1821596D003BE9B6 /* SampleTimelineCell.h */ = {isa = PBXFileReference; fileEncoding = 4; lastKnownFileType = sourcecode.c.h; path = SampleTimelineCell.h; sourceTree = "<group>"; };
		7F43DEAF1821596D003BE9B6 /* SampleTimelineCell.m */ = {isa = PBXFileReference; fileEncoding = 4; lastKnownFileType = sourcecode.c.objc; path = SampleTimelineCell.m; sourceTree = "<group>"; };
		7F43DEB11821597E003BE9B6 /* SampleTimelineCell.xib */ = {isa = PBXFileReference; fileEncoding = 4; lastKnownFileType = file.xib; path = SampleTimelineCell.xib; sourceTree = "<group>"; };
		7F77F4371822FAC60019452C /* Icon-76.png */ = {isa = PBXFileReference; lastKnownFileType = image.png; path = "Icon-76.png"; sourceTree = "<group>"; };
		7F77F4381822FAC60019452C /* Icon-76@2x.png */ = {isa = PBXFileReference; lastKnownFileType = image.png; path = "Icon-76@2x.png"; sourceTree = "<group>"; };
		7FDCDE8E181EE1BA00AC2985 /* Icon-60@2x.png */ = {isa = PBXFileReference; lastKnownFileType = image.png; path = "Icon-60@2x.png"; sourceTree = "<group>"; };
		7FDCDE8F181EE1BA00AC2985 /* rain.jpg */ = {isa = PBXFileReference; lastKnownFileType = image.jpeg; path = rain.jpg; sourceTree = "<group>"; };
		7FDCDE93181EE1BA00AC2985 /* soda.jpg */ = {isa = PBXFileReference; lastKnownFileType = image.jpeg; path = soda.jpg; sourceTree = "<group>"; };
		7FDCDE94181EE1BA00AC2985 /* type.jpg */ = {isa = PBXFileReference; lastKnownFileType = image.jpeg; path = type.jpg; sourceTree = "<group>"; };
		7FDCDE9F181EFF5500AC2985 /* SampleAppPurchasingViewController.h */ = {isa = PBXFileReference; fileEncoding = 4; lastKnownFileType = sourcecode.c.h; path = SampleAppPurchasingViewController.h; sourceTree = "<group>"; };
		7FDCDEA0181EFF5500AC2985 /* SampleAppPurchasingViewController.m */ = {isa = PBXFileReference; fileEncoding = 4; lastKnownFileType = sourcecode.c.objc; path = SampleAppPurchasingViewController.m; sourceTree = "<group>"; };
		7FDCDEA1181EFF5500AC2985 /* SampleAppPurchasingViewController.xib */ = {isa = PBXFileReference; fileEncoding = 4; lastKnownFileType = file.xib; path = SampleAppPurchasingViewController.xib; sourceTree = "<group>"; };
		7FEE762F181ED83D000F684A /* Overshare.app */ = {isa = PBXFileReference; explicitFileType = wrapper.application; includeInIndex = 0; path = Overshare.app; sourceTree = BUILT_PRODUCTS_DIR; };
		7FEE7632181ED83D000F684A /* Foundation.framework */ = {isa = PBXFileReference; lastKnownFileType = wrapper.framework; name = Foundation.framework; path = System/Library/Frameworks/Foundation.framework; sourceTree = SDKROOT; };
		7FEE7634181ED83D000F684A /* CoreGraphics.framework */ = {isa = PBXFileReference; lastKnownFileType = wrapper.framework; name = CoreGraphics.framework; path = System/Library/Frameworks/CoreGraphics.framework; sourceTree = SDKROOT; };
		7FEE7636181ED83D000F684A /* UIKit.framework */ = {isa = PBXFileReference; lastKnownFileType = wrapper.framework; name = UIKit.framework; path = System/Library/Frameworks/UIKit.framework; sourceTree = SDKROOT; };
		7FEE763A181ED83D000F684A /* Overshare-Info.plist */ = {isa = PBXFileReference; lastKnownFileType = text.plist.xml; path = "Overshare-Info.plist"; sourceTree = "<group>"; };
		7FEE763C181ED83D000F684A /* en */ = {isa = PBXFileReference; lastKnownFileType = text.plist.strings; name = en; path = en.lproj/InfoPlist.strings; sourceTree = "<group>"; };
		7FEE763E181ED83D000F684A /* main.m */ = {isa = PBXFileReference; lastKnownFileType = sourcecode.c.objc; path = main.m; sourceTree = "<group>"; };
		7FEE7640181ED83D000F684A /* Overshare-Prefix.pch */ = {isa = PBXFileReference; lastKnownFileType = sourcecode.c.h; path = "Overshare-Prefix.pch"; sourceTree = "<group>"; };
		7FEE7641181ED83D000F684A /* OSKAppDelegate.h */ = {isa = PBXFileReference; lastKnownFileType = sourcecode.c.h; path = OSKAppDelegate.h; sourceTree = "<group>"; };
		7FEE7642181ED83D000F684A /* OSKAppDelegate.m */ = {isa = PBXFileReference; lastKnownFileType = sourcecode.c.objc; path = OSKAppDelegate.m; sourceTree = "<group>"; };
		7FEE7644181ED83D000F684A /* Images.xcassets */ = {isa = PBXFileReference; lastKnownFileType = folder.assetcatalog; path = Images.xcassets; sourceTree = "<group>"; };
		7FEE764B181ED83D000F684A /* XCTest.framework */ = {isa = PBXFileReference; lastKnownFileType = wrapper.framework; name = XCTest.framework; path = Library/Frameworks/XCTest.framework; sourceTree = DEVELOPER_DIR; };
		8895C33118A3B9E6000B7F28 /* CoreMotion.framework */ = {isa = PBXFileReference; lastKnownFileType = wrapper.framework; name = CoreMotion.framework; path = System/Library/Frameworks/CoreMotion.framework; sourceTree = SDKROOT; };
		8895C33318A3B9EF000B7F28 /* AddressBook.framework */ = {isa = PBXFileReference; lastKnownFileType = wrapper.framework; name = AddressBook.framework; path = System/Library/Frameworks/AddressBook.framework; sourceTree = SDKROOT; };
		8895C33518A3B9F4000B7F28 /* AssetsLibrary.framework */ = {isa = PBXFileReference; lastKnownFileType = wrapper.framework; name = AssetsLibrary.framework; path = System/Library/Frameworks/AssetsLibrary.framework; sourceTree = SDKROOT; };
		8895C33718A3BA00000B7F28 /* CoreLocation.framework */ = {isa = PBXFileReference; lastKnownFileType = wrapper.framework; name = CoreLocation.framework; path = System/Library/Frameworks/CoreLocation.framework; sourceTree = SDKROOT; };
		8895C33918A3BA10000B7F28 /* CoreText.framework */ = {isa = PBXFileReference; lastKnownFileType = wrapper.framework; name = CoreText.framework; path = System/Library/Frameworks/CoreText.framework; sourceTree = SDKROOT; };
		8895C33B18A3BA16000B7F28 /* MediaPlayer.framework */ = {isa = PBXFileReference; lastKnownFileType = wrapper.framework; name = MediaPlayer.framework; path = System/Library/Frameworks/MediaPlayer.framework; sourceTree = SDKROOT; };
		8895C33D18A3BA1B000B7F28 /* Security.framework */ = {isa = PBXFileReference; lastKnownFileType = wrapper.framework; name = Security.framework; path = System/Library/Frameworks/Security.framework; sourceTree = SDKROOT; };
		8895C33F18A3BA24000B7F28 /* SystemConfiguration.framework */ = {isa = PBXFileReference; lastKnownFileType = wrapper.framework; name = SystemConfiguration.framework; path = System/Library/Frameworks/SystemConfiguration.framework; sourceTree = SDKROOT; };
		8895C35118A3BFA2000B7F28 /* Icon-60@2x.png */ = {isa = PBXFileReference; lastKnownFileType = image.png; name = "Icon-60@2x.png"; path = "Overshare/Icon-60@2x.png"; sourceTree = "<group>"; };
/* End PBXFileReference section */

/* Begin PBXFrameworksBuildPhase section */
		7FEE762C181ED83D000F684A /* Frameworks */ = {
			isa = PBXFrameworksBuildPhase;
			buildActionMask = 2147483647;
			files = (
				8895C34018A3BA24000B7F28 /* SystemConfiguration.framework in Frameworks */,
				8895C33E18A3BA1B000B7F28 /* Security.framework in Frameworks */,
				8895C33C18A3BA16000B7F28 /* MediaPlayer.framework in Frameworks */,
				8895C33A18A3BA10000B7F28 /* CoreText.framework in Frameworks */,
				7FEE7635181ED83D000F684A /* CoreGraphics.framework in Frameworks */,
				8895C33218A3B9E6000B7F28 /* CoreMotion.framework in Frameworks */,
				8895C33818A3BA00000B7F28 /* CoreLocation.framework in Frameworks */,
				7FEE7633181ED83D000F684A /* Foundation.framework in Frameworks */,
				8895C33618A3B9F4000B7F28 /* AssetsLibrary.framework in Frameworks */,
				8895C33418A3B9EF000B7F28 /* AddressBook.framework in Frameworks */,
				7FEE7637181ED83D000F684A /* UIKit.framework in Frameworks */,
				0EE11874A98649D9BE07FD82 /* libPods.a in Frameworks */,
			);
			runOnlyForDeploymentPostprocessing = 0;
		};
/* End PBXFrameworksBuildPhase section */

/* Begin PBXGroup section */
		7FEE7626181ED83D000F684A = {
			isa = PBXGroup;
			children = (
				8895C35118A3BFA2000B7F28 /* Icon-60@2x.png */,
				7FEE7638181ED83D000F684A /* Overshare */,
				7FEE7631181ED83D000F684A /* Frameworks */,
				7FEE7630181ED83D000F684A /* Products */,
				3C011D38081F40A4A0228137 /* Pods.xcconfig */,
			);
			sourceTree = "<group>";
		};
		7FEE7630181ED83D000F684A /* Products */ = {
			isa = PBXGroup;
			children = (
				7FEE762F181ED83D000F684A /* Overshare.app */,
			);
			name = Products;
			sourceTree = "<group>";
		};
		7FEE7631181ED83D000F684A /* Frameworks */ = {
			isa = PBXGroup;
			children = (
				8895C33F18A3BA24000B7F28 /* SystemConfiguration.framework */,
				8895C33D18A3BA1B000B7F28 /* Security.framework */,
				8895C33B18A3BA16000B7F28 /* MediaPlayer.framework */,
				8895C33918A3BA10000B7F28 /* CoreText.framework */,
				8895C33718A3BA00000B7F28 /* CoreLocation.framework */,
				8895C33518A3B9F4000B7F28 /* AssetsLibrary.framework */,
				8895C33318A3B9EF000B7F28 /* AddressBook.framework */,
				8895C33118A3B9E6000B7F28 /* CoreMotion.framework */,
				7FEE7632181ED83D000F684A /* Foundation.framework */,
				7FEE7634181ED83D000F684A /* CoreGraphics.framework */,
				7FEE7636181ED83D000F684A /* UIKit.framework */,
				7FEE764B181ED83D000F684A /* XCTest.framework */,
				0474C6C848EE4E57994C6380 /* libPods.a */,
			);
			name = Frameworks;
			sourceTree = "<group>";
		};
		7FEE7638181ED83D000F684A /* Overshare */ = {
			isa = PBXGroup;
			children = (
				7FEE7641181ED83D000F684A /* OSKAppDelegate.h */,
				7FEE7642181ED83D000F684A /* OSKAppDelegate.m */,
				7F43DEAB18215916003BE9B6 /* SampleTimelineViewController.h */,
				7F43DEAC18215916003BE9B6 /* SampleTimelineViewController.m */,
				7F43DEAE1821596D003BE9B6 /* SampleTimelineCell.h */,
				7F43DEAF1821596D003BE9B6 /* SampleTimelineCell.m */,
				7F43DEB11821597E003BE9B6 /* SampleTimelineCell.xib */,
				7FDCDE9F181EFF5500AC2985 /* SampleAppPurchasingViewController.h */,
				7FDCDEA0181EFF5500AC2985 /* SampleAppPurchasingViewController.m */,
				7FDCDEA1181EFF5500AC2985 /* SampleAppPurchasingViewController.xib */,
				7FDCDE8E181EE1BA00AC2985 /* Icon-60@2x.png */,
				7F77F4371822FAC60019452C /* Icon-76.png */,
				7F77F4381822FAC60019452C /* Icon-76@2x.png */,
				7FDCDE8F181EE1BA00AC2985 /* rain.jpg */,
				7FDCDE93181EE1BA00AC2985 /* soda.jpg */,
				7FDCDE94181EE1BA00AC2985 /* type.jpg */,
				7FEE7644181ED83D000F684A /* Images.xcassets */,
				7FEE7639181ED83D000F684A /* Supporting Files */,
			);
			path = Overshare;
			sourceTree = "<group>";
		};
		7FEE7639181ED83D000F684A /* Supporting Files */ = {
			isa = PBXGroup;
			children = (
				7FEE763A181ED83D000F684A /* Overshare-Info.plist */,
				7FEE763B181ED83D000F684A /* InfoPlist.strings */,
				7FEE763E181ED83D000F684A /* main.m */,
				7FEE7640181ED83D000F684A /* Overshare-Prefix.pch */,
			);
			name = "Supporting Files";
			sourceTree = "<group>";
		};
/* End PBXGroup section */

/* Begin PBXNativeTarget section */
		7FEE762E181ED83D000F684A /* Overshare */ = {
			isa = PBXNativeTarget;
			buildConfigurationList = 7FEE765B181ED83D000F684A /* Build configuration list for PBXNativeTarget "Overshare" */;
			buildPhases = (
				64214C09DC474641B3BEDE9D /* Check Pods Manifest.lock */,
				7FEE762B181ED83D000F684A /* Sources */,
				7FEE762C181ED83D000F684A /* Frameworks */,
				7FEE762D181ED83D000F684A /* Resources */,
				93140A031E7446749C54117F /* Copy Pods Resources */,
			);
			buildRules = (
			);
			dependencies = (
			);
			name = Overshare;
			productName = Overshare;
			productReference = 7FEE762F181ED83D000F684A /* Overshare.app */;
			productType = "com.apple.product-type.application";
		};
/* End PBXNativeTarget section */

/* Begin PBXProject section */
		7FEE7627181ED83D000F684A /* Project object */ = {
			isa = PBXProject;
			attributes = {
				CLASSPREFIX = OSK;
				LastUpgradeCheck = 0510;
				ORGANIZATIONNAME = "Overshare Kit";
				TargetAttributes = {
					7FEE762E181ED83D000F684A = {
						DevelopmentTeam = YGAZHQXHH4;
					};
				};
			};
			buildConfigurationList = 7FEE762A181ED83D000F684A /* Build configuration list for PBXProject "Overshare" */;
			compatibilityVersion = "Xcode 3.2";
			developmentRegion = English;
			hasScannedForEncodings = 0;
			knownRegions = (
				en,
			);
			mainGroup = 7FEE7626181ED83D000F684A;
			productRefGroup = 7FEE7630181ED83D000F684A /* Products */;
			projectDirPath = "";
			projectRoot = "";
			targets = (
				7FEE762E181ED83D000F684A /* Overshare */,
			);
		};
/* End PBXProject section */

/* Begin PBXResourcesBuildPhase section */
		7FEE762D181ED83D000F684A /* Resources */ = {
			isa = PBXResourcesBuildPhase;
			buildActionMask = 2147483647;
			files = (
				7F77F4391822FAC60019452C /* Icon-76.png in Resources */,
				8895C35218A3BFA2000B7F28 /* Icon-60@2x.png in Resources */,
				7FEE763D181ED83D000F684A /* InfoPlist.strings in Resources */,
				7FDCDE9B181EE1BA00AC2985 /* type.jpg in Resources */,
				7F43DEB21821597E003BE9B6 /* SampleTimelineCell.xib in Resources */,
				7FDCDE97181EE1BA00AC2985 /* rain.jpg in Resources */,
				7F77F43A1822FAC60019452C /* Icon-76@2x.png in Resources */,
				7FEE7645181ED83D000F684A /* Images.xcassets in Resources */,
				7FDCDEA3181EFF5500AC2985 /* SampleAppPurchasingViewController.xib in Resources */,
				7FDCDE9A181EE1BA00AC2985 /* soda.jpg in Resources */,
			);
			runOnlyForDeploymentPostprocessing = 0;
		};
/* End PBXResourcesBuildPhase section */

/* Begin PBXShellScriptBuildPhase section */
		64214C09DC474641B3BEDE9D /* Check Pods Manifest.lock */ = {
			isa = PBXShellScriptBuildPhase;
			buildActionMask = 2147483647;
			files = (
			);
			inputPaths = (
			);
			name = "Check Pods Manifest.lock";
			outputPaths = (
			);
			runOnlyForDeploymentPostprocessing = 0;
			shellPath = /bin/sh;
			shellScript = "diff \"${PODS_ROOT}/../Podfile.lock\" \"${PODS_ROOT}/Manifest.lock\" > /dev/null\nif [[ $? != 0 ]] ; then\n    cat << EOM\nerror: The sandbox is not in sync with the Podfile.lock. Run 'pod install' or update your CocoaPods installation.\nEOM\n    exit 1\nfi\n";
			showEnvVarsInLog = 0;
		};
		93140A031E7446749C54117F /* Copy Pods Resources */ = {
			isa = PBXShellScriptBuildPhase;
			buildActionMask = 2147483647;
			files = (
			);
			inputPaths = (
			);
			name = "Copy Pods Resources";
			outputPaths = (
			);
			runOnlyForDeploymentPostprocessing = 0;
			shellPath = /bin/sh;
			shellScript = "\"${SRCROOT}/Pods/Pods-resources.sh\"\n";
			showEnvVarsInLog = 0;
		};
/* End PBXShellScriptBuildPhase section */

/* Begin PBXSourcesBuildPhase section */
		7FEE762B181ED83D000F684A /* Sources */ = {
			isa = PBXSourcesBuildPhase;
			buildActionMask = 2147483647;
			files = (
				7FEE7643181ED83D000F684A /* OSKAppDelegate.m in Sources */,
				7F43DEB01821596D003BE9B6 /* SampleTimelineCell.m in Sources */,
				7FDCDEA2181EFF5500AC2985 /* SampleAppPurchasingViewController.m in Sources */,
				7F43DEAD18215916003BE9B6 /* SampleTimelineViewController.m in Sources */,
				7FEE763F181ED83D000F684A /* main.m in Sources */,
			);
			runOnlyForDeploymentPostprocessing = 0;
		};
/* End PBXSourcesBuildPhase section */

/* Begin PBXVariantGroup section */
		7FEE763B181ED83D000F684A /* InfoPlist.strings */ = {
			isa = PBXVariantGroup;
			children = (
				7FEE763C181ED83D000F684A /* en */,
			);
			name = InfoPlist.strings;
			sourceTree = "<group>";
		};
/* End PBXVariantGroup section */

/* Begin XCBuildConfiguration section */
		7FEE7659181ED83D000F684A /* Debug */ = {
			isa = XCBuildConfiguration;
			buildSettings = {
				ALWAYS_SEARCH_USER_PATHS = NO;
				CLANG_CXX_LANGUAGE_STANDARD = "gnu++0x";
				CLANG_CXX_LIBRARY = "libc++";
				CLANG_ENABLE_MODULES = YES;
				CLANG_ENABLE_OBJC_ARC = YES;
				CLANG_WARN_BOOL_CONVERSION = YES;
				CLANG_WARN_CONSTANT_CONVERSION = YES;
				CLANG_WARN_DIRECT_OBJC_ISA_USAGE = YES_ERROR;
				CLANG_WARN_EMPTY_BODY = YES;
				CLANG_WARN_ENUM_CONVERSION = YES;
				CLANG_WARN_INT_CONVERSION = YES;
				CLANG_WARN_OBJC_ROOT_CLASS = YES_ERROR;
				CLANG_WARN__DUPLICATE_METHOD_MATCH = YES;
				"CODE_SIGN_IDENTITY[sdk=iphoneos*]" = "iPhone Developer";
				COPY_PHASE_STRIP = NO;
				GCC_C_LANGUAGE_STANDARD = gnu99;
				GCC_DYNAMIC_NO_PIC = NO;
				GCC_OPTIMIZATION_LEVEL = 0;
				GCC_PREPROCESSOR_DEFINITIONS = (
					"DEBUG=1",
					"$(inherited)",
				);
				GCC_SYMBOLS_PRIVATE_EXTERN = NO;
				GCC_WARN_64_TO_32_BIT_CONVERSION = YES;
				GCC_WARN_ABOUT_RETURN_TYPE = YES_ERROR;
				GCC_WARN_UNDECLARED_SELECTOR = YES;
				GCC_WARN_UNINITIALIZED_AUTOS = YES;
				GCC_WARN_UNUSED_FUNCTION = YES;
				GCC_WARN_UNUSED_VARIABLE = YES;
				IPHONEOS_DEPLOYMENT_TARGET = 7.0;
				ONLY_ACTIVE_ARCH = YES;
				SDKROOT = iphoneos;
				TARGETED_DEVICE_FAMILY = "1,2";
			};
			name = Debug;
		};
		7FEE765A181ED83D000F684A /* Release */ = {
			isa = XCBuildConfiguration;
			buildSettings = {
				ALWAYS_SEARCH_USER_PATHS = NO;
				CLANG_CXX_LANGUAGE_STANDARD = "gnu++0x";
				CLANG_CXX_LIBRARY = "libc++";
				CLANG_ENABLE_MODULES = YES;
				CLANG_ENABLE_OBJC_ARC = YES;
				CLANG_WARN_BOOL_CONVERSION = YES;
				CLANG_WARN_CONSTANT_CONVERSION = YES;
				CLANG_WARN_DIRECT_OBJC_ISA_USAGE = YES_ERROR;
				CLANG_WARN_EMPTY_BODY = YES;
				CLANG_WARN_ENUM_CONVERSION = YES;
				CLANG_WARN_INT_CONVERSION = YES;
				CLANG_WARN_OBJC_ROOT_CLASS = YES_ERROR;
				CLANG_WARN__DUPLICATE_METHOD_MATCH = YES;
				"CODE_SIGN_IDENTITY[sdk=iphoneos*]" = "iPhone Developer";
				COPY_PHASE_STRIP = YES;
				ENABLE_NS_ASSERTIONS = NO;
				GCC_C_LANGUAGE_STANDARD = gnu99;
				GCC_WARN_64_TO_32_BIT_CONVERSION = YES;
				GCC_WARN_ABOUT_RETURN_TYPE = YES_ERROR;
				GCC_WARN_UNDECLARED_SELECTOR = YES;
				GCC_WARN_UNINITIALIZED_AUTOS = YES;
				GCC_WARN_UNUSED_FUNCTION = YES;
				GCC_WARN_UNUSED_VARIABLE = YES;
				IPHONEOS_DEPLOYMENT_TARGET = 7.0;
				SDKROOT = iphoneos;
				TARGETED_DEVICE_FAMILY = "1,2";
				VALIDATE_PRODUCT = YES;
			};
			name = Release;
		};
		7FEE765C181ED83D000F684A /* Debug */ = {
			isa = XCBuildConfiguration;
			baseConfigurationReference = 3C011D38081F40A4A0228137 /* Pods.xcconfig */;
			buildSettings = {
				ASSETCATALOG_COMPILER_APPICON_NAME = AppIcon;
				ASSETCATALOG_COMPILER_LAUNCHIMAGE_NAME = LaunchImage;
				CODE_SIGN_IDENTITY = "iPhone Developer";
				"CODE_SIGN_IDENTITY[sdk=iphoneos*]" = "iPhone Developer";
				FRAMEWORK_SEARCH_PATHS = (
					"$(inherited)",
					"../../Dependencies/GooglePlus-SDK",
				);
				GCC_PRECOMPILE_PREFIX_HEADER = YES;
				GCC_PREFIX_HEADER = "Overshare/Overshare-Prefix.pch";
				INFOPLIST_FILE = "Overshare/Overshare-Info.plist";
				OTHER_LDFLAGS = "$(inherited)";
				PRODUCT_NAME = "$(TARGET_NAME)";
				PROVISIONING_PROFILE = "A08CE89F-B237-4202-9AA7-4BF93D538543";
				WRAPPER_EXTENSION = app;
			};
			name = Debug;
		};
		7FEE765D181ED83D000F684A /* Release */ = {
			isa = XCBuildConfiguration;
			baseConfigurationReference = 3C011D38081F40A4A0228137 /* Pods.xcconfig */;
			buildSettings = {
				ASSETCATALOG_COMPILER_APPICON_NAME = AppIcon;
				ASSETCATALOG_COMPILER_LAUNCHIMAGE_NAME = LaunchImage;
				CODE_SIGN_IDENTITY = "iPhone Developer";
				"CODE_SIGN_IDENTITY[sdk=iphoneos*]" = "iPhone Developer";
				FRAMEWORK_SEARCH_PATHS = (
					"$(inherited)",
					"../../Dependencies/GooglePlus-SDK",
				);
				GCC_PRECOMPILE_PREFIX_HEADER = YES;
				GCC_PREFIX_HEADER = "Overshare/Overshare-Prefix.pch";
				INFOPLIST_FILE = "Overshare/Overshare-Info.plist";
				OTHER_LDFLAGS = "$(inherited)";
				PRODUCT_NAME = "$(TARGET_NAME)";
				PROVISIONING_PROFILE = "A08CE89F-B237-4202-9AA7-4BF93D538543";
				WRAPPER_EXTENSION = app;
			};
			name = Release;
		};
/* End XCBuildConfiguration section */

/* Begin XCConfigurationList section */
		7FEE762A181ED83D000F684A /* Build configuration list for PBXProject "Overshare" */ = {
			isa = XCConfigurationList;
			buildConfigurations = (
				7FEE7659181ED83D000F684A /* Debug */,
				7FEE765A181ED83D000F684A /* Release */,
			);
			defaultConfigurationIsVisible = 0;
			defaultConfigurationName = Release;
		};
		7FEE765B181ED83D000F684A /* Build configuration list for PBXNativeTarget "Overshare" */ = {
			isa = XCConfigurationList;
			buildConfigurations = (
				7FEE765C181ED83D000F684A /* Debug */,
				7FEE765D181ED83D000F684A /* Release */,
			);
			defaultConfigurationIsVisible = 0;
			defaultConfigurationName = Release;
		};
/* End XCConfigurationList section */
	};
	rootObject = 7FEE7627181ED83D000F684A /* Project object */;
}
